<Solution>
  <Folder Name="/src/" />
  <Folder Name="/src/Host/">
    <Project Path="src/Host/CCP.Api.Host/CCP.Api.Host.csproj" />
  </Folder>
  <Folder Name="/src/Kernel/">
    <Project Path="src/Kernel/CCP.Kernel.Api/CCP.Kernel.Api.csproj" />
    <Project Path="src/Kernel/CCP.Kernel.Application/CCP.Kernel.Application.csproj" />
    <Project Path="src/Kernel/CCP.Kernel.Infrastructure/CCP.Kernel.Infrastructure.csproj" />
    <Project Path="src/Kernel/CCP.Kernel/CCP.Kernel.csproj" />
  </Folder>
  <Folder Name="/src/Modules/" />
  <Folder Name="/src/Modules/Audit/">
    <Project Path="src/Modules/Audit/CCP.Modules.Audit.Api/CCP.Modules.Audit.Api.csproj" />
    <Project Path="src/Modules/Audit/CCP.Modules.Audit.Application/CCP.Modules.Audit.Application.csproj" />
    <Project Path="src/Modules/Audit/CCP.Modules.Audit.Contracts/CCP.Modules.Audit.Contracts.csproj" />
    <Project Path="src/Modules/Audit/CCP.Modules.Audit.Domain/CCP.Modules.Audit.Domain.csproj" />
    <Project Path="src/Modules/Audit/CCP.Modules.Audit.Infrastructure/CCP.Modules.Audit.Infrastructure.csproj" />
  </Folder>
  <Folder Name="/src/Modules/Authorization/">
    <Project Path="src/Modules/Authorization/CCP.Modules.Authorization.Api/CCP.Modules.Authorization.Api.csproj" />
    <Project Path="src/Modules/Authorization/CCP.Modules.Authorization.Application/CCP.Modules.Authorization.Application.csproj" />
    <Project Path="src/Modules/Authorization/CCP.Modules.Authorization.Contracts/CCP.Modules.Authorization.Contracts.csproj" />
    <Project Path="src/Modules/Authorization/CCP.Modules.Authorization.Domain/CCP.Modules.Authorization.Domain.csproj" />
    <Project Path="src/Modules/Authorization/CCP.Modules.Authorization.Infrastructure/CCP.Modules.Authorization.Infrastructure.csproj" />
  </Folder>
  <Folder Name="/src/Modules/Documents/">
    <Project Path="src/Modules/Documents/CCP.Modules.Documents.Api/CCP.Modules.Documents.Api.csproj" />
    <Project Path="src/Modules/Documents/CCP.Modules.Documents.Application/CCP.Modules.Documents.Application.csproj" />
    <Project Path="src/Modules/Documents/CCP.Modules.Documents.Contracts/CCP.Modules.Documents.Contracts.csproj" />
    <Project Path="src/Modules/Documents/CCP.Modules.Documents.Domain/CCP.Modules.Documents.Domain.csproj" />
    <Project Path="src/Modules/Documents/CCP.Modules.Documents.Infrastructure/CCP.Modules.Documents.Infrastructure.csproj" />
  </Folder>
  <Folder Name="/src/Modules/Identity/">
    <Project Path="src/Modules/Identity/CCP.Modules.Identity.Api/CCP.Modules.Identity.Api.csproj" />
    <Project Path="src/Modules/Identity/CCP.Modules.Identity.Application/CCP.Modules.Identity.Application.csproj" />
    <Project Path="src/Modules/Identity/CCP.Modules.Identity.Contracts/CCP.Modules.Identity.Contracts.csproj" />
    <Project Path="src/Modules/Identity/CCP.Modules.Identity.Domain/CCP.Modules.Identity.Domain.csproj" />
    <Project Path="src/Modules/Identity/CCP.Modules.Identity.Infrastructure/CCP.Modules.Identity.Infrastructure.csproj" />
  </Folder>
  <Folder Name="/src/Modules/Integrations/">
    <Project Path="src/Modules/Integrations/CCP.Modules.Integrations.Api/CCP.Modules.Integrations.Api.csproj" />
    <Project Path="src/Modules/Integrations/CCP.Modules.Integrations.Application/CCP.Modules.Integrations.Application.csproj" />
    <Project Path="src/Modules/Integrations/CCP.Modules.Integrations.Contracts/CCP.Modules.Integrations.Contracts.csproj" />
    <Project Path="src/Modules/Integrations/CCP.Modules.Integrations.Domain/CCP.Modules.Integrations.Domain.csproj" />
    <Project Path="src/Modules/Integrations/CCP.Modules.Integrations.Infrastructure/CCP.Modules.Integrations.Infrastructure.csproj" />
  </Folder>
  <Folder Name="/src/Modules/Configuration/">
    <Project Path="src/Modules/Configuration/CCP.Modules.Configuration.Api/CCP.Modules.Configuration.Api.csproj" />
    <Project Path="src/Modules/Configuration/CCP.Modules.Configuration.Application/CCP.Modules.Configuration.Application.csproj" />
    <Project Path="src/Modules/Configuration/CCP.Modules.Configuration.Contracts/CCP.Modules.Configuration.Contracts.csproj" />
    <Project Path="src/Modules/Configuration/CCP.Modules.Configuration.Domain/CCP.Modules.Configuration.Domain.csproj" />
    <Project Path="src/Modules/Configuration/CCP.Modules.Configuration.Infrastructure/CCP.Modules.Configuration.Infrastructure.csproj" />
  </Folder>
  <Folder Name="/src/Modules/Notifications/">
    <Project Path="src/Modules/Notifications/CCP.Modules.Notifications.Api/CCP.Modules.Notifications.Api.csproj" />
    <Project Path="src/Modules/Notifications/CCP.Modules.Notifications.Application/CCP.Modules.Notifications.Application.csproj" />
    <Project Path="src/Modules/Notifications/CCP.Modules.Notifications.Contracts/CCP.Modules.Notifications.Contracts.csproj" />
    <Project Path="src/Modules/Notifications/CCP.Modules.Notifications.Domain/CCP.Modules.Notifications.Domain.csproj" />
    <Project Path="src/Modules/Notifications/CCP.Modules.Notifications.Infrastructure/CCP.Modules.Notifications.Infrastructure.csproj" />
  </Folder>
  <Folder Name="/src/Modules/Organization/">
    <Project Path="src/Modules/Organization/CCP.Modules.Organization.Api/CCP.Modules.Organization.Api.csproj" />
    <Project Path="src/Modules/Organization/CCP.Modules.Organization.Application/CCP.Modules.Organization.Application.csproj" />
    <Project Path="src/Modules/Organization/CCP.Modules.Organization.Contracts/CCP.Modules.Organization.Contracts.csproj" />
    <Project Path="src/Modules/Organization/CCP.Modules.Organization.Domain/CCP.Modules.Organization.Domain.csproj" />
    <Project Path="src/Modules/Organization/CCP.Modules.Organization.Infrastructure/CCP.Modules.Organization.Infrastructure.csproj" />
  </Folder>
  <Folder Name="/src/Modules/Security/">
    <Project Path="src/Modules/Security/CCP.Modules.Security.Api/CCP.Modules.Security.Api.csproj" />
    <Project Path="src/Modules/Security/CCP.Modules.Security.Application/CCP.Modules.Security.Application.csproj" />
    <Project Path="src/Modules/Security/CCP.Modules.Security.Contracts/CCP.Modules.Security.Contracts.csproj" />
    <Project Path="src/Modules/Security/CCP.Modules.Security.Domain/CCP.Modules.Security.Domain.csproj" />
    <Project Path="src/Modules/Security/CCP.Modules.Security.Infrastructure/CCP.Modules.Security.Infrastructure.csproj" />
  </Folder>
  <Folder Name="/src/Modules/Workflow/">
    <Project Path="src/Modules/Workflow/CCP.Modules.Workflow.Api/CCP.Modules.Workflow.Api.csproj" />
    <Project Path="src/Modules/Workflow/CCP.Modules.Workflow.Application/CCP.Modules.Workflow.Application.csproj" />
    <Project Path="src/Modules/Workflow/CCP.Modules.Workflow.Contracts/CCP.Modules.Workflow.Contracts.csproj" />
    <Project Path="src/Modules/Workflow/CCP.Modules.Workflow.Domain/CCP.Modules.Workflow.Domain.csproj" />
    <Project Path="src/Modules/Workflow/CCP.Modules.Workflow.Infrastructure/CCP.Modules.Workflow.Infrastructure.csproj" />
  </Folder>
  <Folder Name="/tests/">
    <Project Path="tests/CCP.Api.IntegrationTests/CCP.Api.IntegrationTests.csproj" />
    <Project Path="tests/CCP.Architecture.Tests/CCP.Architecture.Tests.csproj" />
    <Project Path="tests/CCP.Kernel.UnitTests/CCP.Kernel.UnitTests.csproj" />
  </Folder>
  <Folder Name="/tests/Modules/">
    <Project Path="tests/Modules/CCP.Modules.Audit.UnitTests/CCP.Modules.Audit.UnitTests.csproj" />
    <Project Path="tests/Modules/CCP.Modules.Authorization.UnitTests/CCP.Modules.Authorization.UnitTests.csproj" />
    <Project Path="tests/Modules/CCP.Modules.Identity.UnitTests/CCP.Modules.Identity.UnitTests.csproj" />
    <Project Path="tests/Modules/CCP.Modules.Organization.UnitTests/CCP.Modules.Organization.UnitTests.csproj" />
    <Project Path="tests/Modules/CCP.Modules.Security.UnitTests/CCP.Modules.Security.UnitTests.csproj" />
    <Project Path="tests/Modules/CCP.Modules.Workflow.UnitTests/CCP.Modules.Workflow.UnitTests.csproj" />
    <Project Path="tests/Modules/CCP.Modules.Notifications.UnitTests/CCP.Modules.Notifications.UnitTests.csproj" />
    <Project Path="tests/Modules/CCP.Modules.Documents.UnitTests/CCP.Modules.Documents.UnitTests.csproj" />
    <Project Path="tests/Modules/CCP.Modules.Configuration.UnitTests/CCP.Modules.Configuration.UnitTests.csproj" />
    <Project Path="tests/Modules/CCP.Modules.Integrations.UnitTests/CCP.Modules.Integrations.UnitTests.csproj" />
  </Folder>
</Solution>
